PODS:
  - Alamofire (4.4.0)
  - Magnetic (1.0.6)
  - RSLoadingView (1.1.0)
  - SwiftyJSON (3.1.4)

DEPENDENCIES:
  - Alamofire (~> 4.4)
  - Magnetic
  - RSLoadingView
  - SwiftyJSON

SPEC CHECKSUMS:
  Alamofire: dc44b1600b800eb63da6a19039a0083d62a6a62d
  Magnetic: 5d8e4ce3d3e6cf496af1035580971a1d17e966f3
  RSLoadingView: b9cdf4970da28e5d4b306784688e640696dd80d3
  SwiftyJSON: c2842d878f95482ffceec5709abc3d05680c0220

PODFILE CHECKSUM: fc7b2c695615f9097d5eeed7353e16182c0a8496

COCOAPODS: 1.2.1
